
Microsoft Visual Studio Solution File, Format Version 12.00
# Visual Studio 15
Project("{FAE04EC0-301F-11D3-BF4B-00C04F79EFBC}") = "LGAME", "LGAME.csproj", "{EEFAE0B3-3CE3-E734-C184-67BB3D6A4DFF}"
EndProject
Project("{FAE04EC0-301F-11D3-BF4B-00C04F79EFBC}") = "com.unity.postprocessing.Runtime", "com.unity.postprocessing.Runtime.csproj", "{43CE4B77-0ED1-06DF-D6D8-916516C0693A}"
EndProject
Project("{FAE04EC0-301F-11D3-BF4B-00C04F79EFBC}") = "LGAME.Editor", "LGAME.Editor.csproj", "{80F9D632-BCEF-15A0-5518-D35FAF9E7F46}"
EndProject
Project("{FAE04EC0-301F-11D3-BF4B-00C04F79EFBC}") = "com.unity.postprocessing.Editor", "com.unity.postprocessing.Editor.csproj", "{8C3967EF-EA5C-CD2A-F191-ADB2A5FEC7D2}"
EndProject
Global
	GlobalSection(SolutionConfigurationPlatforms) = preSolution
		Debug|Any CPU = Debug|Any CPU
		Release|Any CPU = Release|Any CPU
	EndGlobalSection
	GlobalSection(ProjectConfigurationPlatforms) = postSolution
		{EEFAE0B3-3CE3-E734-C184-67BB3D6A4DFF}.Debug|Any CPU.ActiveCfg = Debug|Any CPU
		{EEFAE0B3-3CE3-E734-C184-67BB3D6A4DFF}.Debug|Any CPU.Build.0 = Debug|Any CPU
		{EEFAE0B3-3CE3-E734-C184-67BB3D6A4DFF}.Release|Any CPU.ActiveCfg = Release|Any CPU
		{EEFAE0B3-3CE3-E734-C184-67BB3D6A4DFF}.Release|Any CPU.Build.0 = Release|Any CPU
		{43CE4B77-0ED1-06DF-D6D8-916516C0693A}.Debug|Any CPU.ActiveCfg = Debug|Any CPU
		{43CE4B77-0ED1-06DF-D6D8-916516C0693A}.Debug|Any CPU.Build.0 = Debug|Any CPU
		{43CE4B77-0ED1-06DF-D6D8-916516C0693A}.Release|Any CPU.ActiveCfg = Release|Any CPU
		{43CE4B77-0ED1-06DF-D6D8-916516C0693A}.Release|Any CPU.Build.0 = Release|Any CPU
		{80F9D632-BCEF-15A0-5518-D35FAF9E7F46}.Debug|Any CPU.ActiveCfg = Debug|Any CPU
		{80F9D632-BCEF-15A0-5518-D35FAF9E7F46}.Debug|Any CPU.Build.0 = Debug|Any CPU
		{80F9D632-BCEF-15A0-5518-D35FAF9E7F46}.Release|Any CPU.ActiveCfg = Release|Any CPU
		{80F9D632-BCEF-15A0-5518-D35FAF9E7F46}.Release|Any CPU.Build.0 = Release|Any CPU
		{8C3967EF-EA5C-CD2A-F191-ADB2A5FEC7D2}.Debug|Any CPU.ActiveCfg = Debug|Any CPU
		{8C3967EF-EA5C-CD2A-F191-ADB2A5FEC7D2}.Debug|Any CPU.Build.0 = Debug|Any CPU
		{8C3967EF-EA5C-CD2A-F191-ADB2A5FEC7D2}.Release|Any CPU.ActiveCfg = Release|Any CPU
		{8C3967EF-EA5C-CD2A-F191-ADB2A5FEC7D2}.Release|Any CPU.Build.0 = Release|Any CPU
	EndGlobalSection
	GlobalSection(SolutionProperties) = preSolution
		HideSolutionNode = FALSE
	EndGlobalSection
EndGlobal
